# This file is automatically @generated by Cargo.
# It is not intended for manual editing.
version = 3

[[package]]
name = "meteo_tools"
version = "1.1.0"
source = "registry+https://github.com/rust-lang/crates.io-index"
checksum = "eade094436f16ae18d415b5729a0301fb2f60cf8b239a2ec3a34ee3517049e84"

[[package]]
name = "temp-convert"
version = "0.1.0"
dependencies = [
 "meteo_tools",
]
